{
  "pins" : [
    {
      "identity" : "powersoftkit",
      "kind" : "remoteSourceControl",
      "location" : "https://github.com/andreas16700/PowersoftKit",
      "state" : {
        "branch" : "main",
        "revision" : "a6c78c5fc27fac5748a7a3165b38f674430415f5"
      }
    },
    {
      "identity" : "swiftlinuxnetworking",
      "kind" : "remoteSourceControl",
      "location" : "https://github.com/andreas16700/SwiftLinuxNetworking",
      "state" : {
        "branch" : "main",
        "revision" : "f72b05d9953ab92a1d637e3b68ba1eb605c24e65"
      }
    }
  ],
  "version" : 2
}
